
Microsoft Visual Studio Solution File, Format Version 10.00
# Visual C# Express 2008
Project("{FAE04EC0-301F-11D3-BF4B-00C04F79EFBC}") = "ConsoleApplication2", "ConsoleApplication2\ConsoleApplication2.csproj", "{B72A6F35-7E00-46F6-B2B2-302C088E456D}"
EndProject
Global
	GlobalSection(SolutionConfigurationPlatforms) = preSolution
		Debug|Any CPU = Debug|Any CPU
		Release|Any CPU = Release|Any CPU
	EndGlobalSection
	GlobalSection(ProjectConfigurationPlatforms) = postSolution
		{B72A6F35-7E00-46F6-B2B2-302C088E456D}.Debug|Any CPU.ActiveCfg = Debug|Any CPU
		{B72A6F35-7E00-46F6-B2B2-302C088E456D}.Debug|Any CPU.Build.0 = Debug|Any CPU
		{B72A6F35-7E00-46F6-B2B2-302C088E456D}.Release|Any CPU.ActiveCfg = Release|Any CPU
		{B72A6F35-7E00-46F6-B2B2-302C088E456D}.Release|Any CPU.Build.0 = Release|Any CPU
	EndGlobalSection
	GlobalSection(SolutionProperties) = preSolution
		HideSolutionNode = FALSE
	EndGlobalSection
EndGlobal
